
Microsoft Visual Studio Solution File, Format Version 12.00
# Visual Studio Version 16
VisualStudioVersion = 16.0.31613.86
MinimumVisualStudioVersion = 10.0.40219.1
Project("{9A19103F-16F7-4668-BE54-9A1E7A4F7556}") = "SumOf3", "SumOf3\SumOf3.csproj", "{8B258562-2A6B-42C9-92D9-2B81B2C8945E}"
EndProject
Project("{9A19103F-16F7-4668-BE54-9A1E7A4F7556}") = "Conditional_CoinToss", "Conditional_CoinToss\Conditional_CoinToss.csproj", "{84F527D2-7563-47F9-867B-B2DE19D43BD9}"
EndProject
Project("{9A19103F-16F7-4668-BE54-9A1E7A4F7556}") = "Guess_A_Number", "Guess_A_Number\Guess_A_Number.csproj", "{E874D2C4-0248-4BCE-8A88-9EBB99F6A09F}"
EndProject
Project("{9A19103F-16F7-4668-BE54-9A1E7A4F7556}") = "BankAccountInfo", "BankAccountInfo\BankAccountInfo.csproj", "{E60DDAB4-6F4B-4DC5-A4AD-BFEB2037FBD4}"
EndProject
Project("{9A19103F-16F7-4668-BE54-9A1E7A4F7556}") = "StringManipulation", "StringManipulation\StringManipulation.csproj", "{C1628833-83E8-43F0-BF52-EAB153B5C285}"
EndProject
Project("{9A19103F-16F7-4668-BE54-9A1E7A4F7556}") = "All_Types_of_Collections", "All_Types_of_Collections\All_Types_of_Collections.csproj", "{42FE7AB2-7BAB-445D-A110-5CE5CA90BAF6}"
EndProject
Project("{9A19103F-16F7-4668-BE54-9A1E7A4F7556}") = "Collections_Min_Max_Avg", "Collections_Min_Max_Avg\Collections_Min_Max_Avg.csproj", "{7DCA5766-2051-4716-A517-FF8920451DBA}"
EndProject
Project("{9A19103F-16F7-4668-BE54-9A1E7A4F7556}") = "Processing_A_CSV_File", "Processing_A_CSV_File\Processing_A_CSV_File.csproj", "{DF6B3BCC-3D17-402B-80DE-C101F746B54E}"
EndProject
Project("{FAE04EC0-301F-11D3-BF4B-00C04F79EFBC}") = "Functions_Calculator", "Functions_Calculator\Functions_Calculator.csproj", "{49208BBB-2D2E-4EFE-973E-465DA5A91756}"
EndProject
Global
	GlobalSection(SolutionConfigurationPlatforms) = preSolution
		Debug|Any CPU = Debug|Any CPU
		Release|Any CPU = Release|Any CPU
	EndGlobalSection
	GlobalSection(ProjectConfigurationPlatforms) = postSolution
		{8B258562-2A6B-42C9-92D9-2B81B2C8945E}.Debug|Any CPU.ActiveCfg = Debug|Any CPU
		{8B258562-2A6B-42C9-92D9-2B81B2C8945E}.Debug|Any CPU.Build.0 = Debug|Any CPU
		{8B258562-2A6B-42C9-92D9-2B81B2C8945E}.Release|Any CPU.ActiveCfg = Release|Any CPU
		{8B258562-2A6B-42C9-92D9-2B81B2C8945E}.Release|Any CPU.Build.0 = Release|Any CPU
		{84F527D2-7563-47F9-867B-B2DE19D43BD9}.Debug|Any CPU.ActiveCfg = Debug|Any CPU
		{84F527D2-7563-47F9-867B-B2DE19D43BD9}.Debug|Any CPU.Build.0 = Debug|Any CPU
		{84F527D2-7563-47F9-867B-B2DE19D43BD9}.Release|Any CPU.ActiveCfg = Release|Any CPU
		{84F527D2-7563-47F9-867B-B2DE19D43BD9}.Release|Any CPU.Build.0 = Release|Any CPU
		{E874D2C4-0248-4BCE-8A88-9EBB99F6A09F}.Debug|Any CPU.ActiveCfg = Debug|Any CPU
		{E874D2C4-0248-4BCE-8A88-9EBB99F6A09F}.Debug|Any CPU.Build.0 = Debug|Any CPU
		{E874D2C4-0248-4BCE-8A88-9EBB99F6A09F}.Release|Any CPU.ActiveCfg = Release|Any CPU
		{E874D2C4-0248-4BCE-8A88-9EBB99F6A09F}.Release|Any CPU.Build.0 = Release|Any CPU
		{E60DDAB4-6F4B-4DC5-A4AD-BFEB2037FBD4}.Debug|Any CPU.ActiveCfg = Debug|Any CPU
		{E60DDAB4-6F4B-4DC5-A4AD-BFEB2037FBD4}.Debug|Any CPU.Build.0 = Debug|Any CPU
		{E60DDAB4-6F4B-4DC5-A4AD-BFEB2037FBD4}.Release|Any CPU.ActiveCfg = Release|Any CPU
		{E60DDAB4-6F4B-4DC5-A4AD-BFEB2037FBD4}.Release|Any CPU.Build.0 = Release|Any CPU
		{C1628833-83E8-43F0-BF52-EAB153B5C285}.Debug|Any CPU.ActiveCfg = Debug|Any CPU
		{C1628833-83E8-43F0-BF52-EAB153B5C285}.Debug|Any CPU.Build.0 = Debug|Any CPU
		{C1628833-83E8-43F0-BF52-EAB153B5C285}.Release|Any CPU.ActiveCfg = Release|Any CPU
		{C1628833-83E8-43F0-BF52-EAB153B5C285}.Release|Any CPU.Build.0 = Release|Any CPU
		{42FE7AB2-7BAB-445D-A110-5CE5CA90BAF6}.Debug|Any CPU.ActiveCfg = Debug|Any CPU
		{42FE7AB2-7BAB-445D-A110-5CE5CA90BAF6}.Debug|Any CPU.Build.0 = Debug|Any CPU
		{42FE7AB2-7BAB-445D-A110-5CE5CA90BAF6}.Release|Any CPU.ActiveCfg = Release|Any CPU
		{42FE7AB2-7BAB-445D-A110-5CE5CA90BAF6}.Release|Any CPU.Build.0 = Release|Any CPU
		{7DCA5766-2051-4716-A517-FF8920451DBA}.Debug|Any CPU.ActiveCfg = Debug|Any CPU
		{7DCA5766-2051-4716-A517-FF8920451DBA}.Debug|Any CPU.Build.0 = Debug|Any CPU
		{7DCA5766-2051-4716-A517-FF8920451DBA}.Release|Any CPU.ActiveCfg = Release|Any CPU
		{7DCA5766-2051-4716-A517-FF8920451DBA}.Release|Any CPU.Build.0 = Release|Any CPU
		{DF6B3BCC-3D17-402B-80DE-C101F746B54E}.Debug|Any CPU.ActiveCfg = Debug|Any CPU
		{DF6B3BCC-3D17-402B-80DE-C101F746B54E}.Debug|Any CPU.Build.0 = Debug|Any CPU
		{DF6B3BCC-3D17-402B-80DE-C101F746B54E}.Release|Any CPU.ActiveCfg = Release|Any CPU
		{DF6B3BCC-3D17-402B-80DE-C101F746B54E}.Release|Any CPU.Build.0 = Release|Any CPU
		{49208BBB-2D2E-4EFE-973E-465DA5A91756}.Debug|Any CPU.ActiveCfg = Debug|Any CPU
		{49208BBB-2D2E-4EFE-973E-465DA5A91756}.Debug|Any CPU.Build.0 = Debug|Any CPU
		{49208BBB-2D2E-4EFE-973E-465DA5A91756}.Release|Any CPU.ActiveCfg = Release|Any CPU
		{49208BBB-2D2E-4EFE-973E-465DA5A91756}.Release|Any CPU.Build.0 = Release|Any CPU
	EndGlobalSection
	GlobalSection(SolutionProperties) = preSolution
		HideSolutionNode = FALSE
	EndGlobalSection
	GlobalSection(ExtensibilityGlobals) = postSolution
		SolutionGuid = {150E4C41-1D5D-40D0-A0A1-7F7DE9020B12}
	EndGlobalSection
EndGlobal
