
Microsoft Visual Studio Solution File, Format Version 12.00
# Visual Studio Version 16
VisualStudioVersion = 16.0.31613.86
MinimumVisualStudioVersion = 10.0.40219.1
Project("{9A19103F-16F7-4668-BE54-9A1E7A4F7556}") = "VariablesAndExpressions", "VariablesAndExpressions\VariablesAndExpressions.csproj", "{11D48E05-F3AF-448A-89A7-DE8B7FFA8923}"
EndProject
Project("{9A19103F-16F7-4668-BE54-9A1E7A4F7556}") = "FlowControl_Conditional_Example1", "FlowControl_Conditional_Example1\FlowControl_Conditional_Example1.csproj", "{F9A093EB-010C-4A66-98A4-127C8F8DA06D}"
EndProject
Project("{9A19103F-16F7-4668-BE54-9A1E7A4F7556}") = "FlowControl_Conditional_Example2", "FlowControl_Conditional_Example2\FlowControl_Conditional_Example2.csproj", "{9A56943A-FA4E-4329-A92F-923F3644448F}"
EndProject
Project("{9A19103F-16F7-4668-BE54-9A1E7A4F7556}") = "FlowControl_Example1", "FlowControl_Example1\FlowControl_Example1.csproj", "{C61EC9AA-49D4-4229-ADD2-2E66460D5865}"
EndProject
Project("{9A19103F-16F7-4668-BE54-9A1E7A4F7556}") = "FlowControl_DoWhile", "FlowControl_DoWhile\FlowControl_DoWhile.csproj", "{49857443-033F-4ABE-AB59-6F3005ECB5D4}"
EndProject
Project("{9A19103F-16F7-4668-BE54-9A1E7A4F7556}") = "StringManipulation", "StringManipulation\StringManipulation.csproj", "{4F730F2A-D9BF-4A66-9FC1-297F62053346}"
EndProject
Project("{9A19103F-16F7-4668-BE54-9A1E7A4F7556}") = "ReadingInAFile_Part1", "ReadingInAFile_Part1\ReadingInAFile_Part1.csproj", "{B5D43CE9-39D4-4B7A-9807-0D9075B7AB72}"
EndProject
Project("{9A19103F-16F7-4668-BE54-9A1E7A4F7556}") = "Collections_Arrays", "Collections_Arrays\Collections_Arrays.csproj", "{614AEEE8-BA12-4A87-AB36-F81FFB849843}"
EndProject
Project("{9A19103F-16F7-4668-BE54-9A1E7A4F7556}") = "Collections_Dictionaries", "Collections_Dictionaries\Collections_Dictionaries.csproj", "{AB4E7649-18AB-46D2-AA19-C91BE35CFB23}"
EndProject
Project("{9A19103F-16F7-4668-BE54-9A1E7A4F7556}") = "Collections_Lists", "Collections_Lists\Collections_Lists.csproj", "{F8CD1FF2-D164-4D3C-9D82-E45F8B398453}"
EndProject
Project("{FAE04EC0-301F-11D3-BF4B-00C04F79EFBC}") = "Functions_Example1", "Functions_Example1\Functions_Example1.csproj", "{579480A8-A3B3-49FD-BE54-E5A26535BE8C}"
EndProject
Global
	GlobalSection(SolutionConfigurationPlatforms) = preSolution
		Debug|Any CPU = Debug|Any CPU
		Release|Any CPU = Release|Any CPU
	EndGlobalSection
	GlobalSection(ProjectConfigurationPlatforms) = postSolution
		{11D48E05-F3AF-448A-89A7-DE8B7FFA8923}.Debug|Any CPU.ActiveCfg = Debug|Any CPU
		{11D48E05-F3AF-448A-89A7-DE8B7FFA8923}.Debug|Any CPU.Build.0 = Debug|Any CPU
		{11D48E05-F3AF-448A-89A7-DE8B7FFA8923}.Release|Any CPU.ActiveCfg = Release|Any CPU
		{11D48E05-F3AF-448A-89A7-DE8B7FFA8923}.Release|Any CPU.Build.0 = Release|Any CPU
		{F9A093EB-010C-4A66-98A4-127C8F8DA06D}.Debug|Any CPU.ActiveCfg = Debug|Any CPU
		{F9A093EB-010C-4A66-98A4-127C8F8DA06D}.Debug|Any CPU.Build.0 = Debug|Any CPU
		{F9A093EB-010C-4A66-98A4-127C8F8DA06D}.Release|Any CPU.ActiveCfg = Release|Any CPU
		{F9A093EB-010C-4A66-98A4-127C8F8DA06D}.Release|Any CPU.Build.0 = Release|Any CPU
		{9A56943A-FA4E-4329-A92F-923F3644448F}.Debug|Any CPU.ActiveCfg = Debug|Any CPU
		{9A56943A-FA4E-4329-A92F-923F3644448F}.Debug|Any CPU.Build.0 = Debug|Any CPU
		{9A56943A-FA4E-4329-A92F-923F3644448F}.Release|Any CPU.ActiveCfg = Release|Any CPU
		{9A56943A-FA4E-4329-A92F-923F3644448F}.Release|Any CPU.Build.0 = Release|Any CPU
		{C61EC9AA-49D4-4229-ADD2-2E66460D5865}.Debug|Any CPU.ActiveCfg = Debug|Any CPU
		{C61EC9AA-49D4-4229-ADD2-2E66460D5865}.Debug|Any CPU.Build.0 = Debug|Any CPU
		{C61EC9AA-49D4-4229-ADD2-2E66460D5865}.Release|Any CPU.ActiveCfg = Release|Any CPU
		{C61EC9AA-49D4-4229-ADD2-2E66460D5865}.Release|Any CPU.Build.0 = Release|Any CPU
		{49857443-033F-4ABE-AB59-6F3005ECB5D4}.Debug|Any CPU.ActiveCfg = Debug|Any CPU
		{49857443-033F-4ABE-AB59-6F3005ECB5D4}.Debug|Any CPU.Build.0 = Debug|Any CPU
		{49857443-033F-4ABE-AB59-6F3005ECB5D4}.Release|Any CPU.ActiveCfg = Release|Any CPU
		{49857443-033F-4ABE-AB59-6F3005ECB5D4}.Release|Any CPU.Build.0 = Release|Any CPU
		{4F730F2A-D9BF-4A66-9FC1-297F62053346}.Debug|Any CPU.ActiveCfg = Debug|Any CPU
		{4F730F2A-D9BF-4A66-9FC1-297F62053346}.Debug|Any CPU.Build.0 = Debug|Any CPU
		{4F730F2A-D9BF-4A66-9FC1-297F62053346}.Release|Any CPU.ActiveCfg = Release|Any CPU
		{4F730F2A-D9BF-4A66-9FC1-297F62053346}.Release|Any CPU.Build.0 = Release|Any CPU
		{B5D43CE9-39D4-4B7A-9807-0D9075B7AB72}.Debug|Any CPU.ActiveCfg = Debug|Any CPU
		{B5D43CE9-39D4-4B7A-9807-0D9075B7AB72}.Debug|Any CPU.Build.0 = Debug|Any CPU
		{B5D43CE9-39D4-4B7A-9807-0D9075B7AB72}.Release|Any CPU.ActiveCfg = Release|Any CPU
		{B5D43CE9-39D4-4B7A-9807-0D9075B7AB72}.Release|Any CPU.Build.0 = Release|Any CPU
		{614AEEE8-BA12-4A87-AB36-F81FFB849843}.Debug|Any CPU.ActiveCfg = Debug|Any CPU
		{614AEEE8-BA12-4A87-AB36-F81FFB849843}.Debug|Any CPU.Build.0 = Debug|Any CPU
		{614AEEE8-BA12-4A87-AB36-F81FFB849843}.Release|Any CPU.ActiveCfg = Release|Any CPU
		{614AEEE8-BA12-4A87-AB36-F81FFB849843}.Release|Any CPU.Build.0 = Release|Any CPU
		{AB4E7649-18AB-46D2-AA19-C91BE35CFB23}.Debug|Any CPU.ActiveCfg = Debug|Any CPU
		{AB4E7649-18AB-46D2-AA19-C91BE35CFB23}.Debug|Any CPU.Build.0 = Debug|Any CPU
		{AB4E7649-18AB-46D2-AA19-C91BE35CFB23}.Release|Any CPU.ActiveCfg = Release|Any CPU
		{AB4E7649-18AB-46D2-AA19-C91BE35CFB23}.Release|Any CPU.Build.0 = Release|Any CPU
		{F8CD1FF2-D164-4D3C-9D82-E45F8B398453}.Debug|Any CPU.ActiveCfg = Debug|Any CPU
		{F8CD1FF2-D164-4D3C-9D82-E45F8B398453}.Debug|Any CPU.Build.0 = Debug|Any CPU
		{F8CD1FF2-D164-4D3C-9D82-E45F8B398453}.Release|Any CPU.ActiveCfg = Release|Any CPU
		{F8CD1FF2-D164-4D3C-9D82-E45F8B398453}.Release|Any CPU.Build.0 = Release|Any CPU
		{579480A8-A3B3-49FD-BE54-E5A26535BE8C}.Debug|Any CPU.ActiveCfg = Debug|Any CPU
		{579480A8-A3B3-49FD-BE54-E5A26535BE8C}.Debug|Any CPU.Build.0 = Debug|Any CPU
		{579480A8-A3B3-49FD-BE54-E5A26535BE8C}.Release|Any CPU.ActiveCfg = Release|Any CPU
		{579480A8-A3B3-49FD-BE54-E5A26535BE8C}.Release|Any CPU.Build.0 = Release|Any CPU
	EndGlobalSection
	GlobalSection(SolutionProperties) = preSolution
		HideSolutionNode = FALSE
	EndGlobalSection
	GlobalSection(ExtensibilityGlobals) = postSolution
		SolutionGuid = {63A6068B-2DB6-40C5-AD3A-E25BCEC5F500}
	EndGlobalSection
EndGlobal
